
Microsoft Visual Studio Solution File, Format Version 12.00
Project("{FAE04EC0-301F-11D3-BF4B-00C04F79EFBC}") = "PresentationsSoftware", "PresentationsSoftware\PresentationsSoftware.csproj", "{4FF64A13-4463-4E78-80C7-6AF736B1AA1D}"
EndProject
Global
	GlobalSection(SolutionConfigurationPlatforms) = preSolution
		Debug|Any CPU = Debug|Any CPU
		Release|Any CPU = Release|Any CPU
	EndGlobalSection
	GlobalSection(ProjectConfigurationPlatforms) = postSolution
		{4FF64A13-4463-4E78-80C7-6AF736B1AA1D}.Debug|Any CPU.ActiveCfg = Debug|Any CPU
		{4FF64A13-4463-4E78-80C7-6AF736B1AA1D}.Debug|Any CPU.Build.0 = Debug|Any CPU
		{4FF64A13-4463-4E78-80C7-6AF736B1AA1D}.Release|Any CPU.ActiveCfg = Release|Any CPU
		{4FF64A13-4463-4E78-80C7-6AF736B1AA1D}.Release|Any CPU.Build.0 = Release|Any CPU
	EndGlobalSection
EndGlobal
